{
  "name": "@mc91-cli-dev/add",
  "version": "1.1.1",
  "lockfileVersion": 2,
  "requires": true,
  "packages": {
    "": {
      "name": "@mc91-cli-dev/add",
      "version": "1.1.1",
      "license": "ISC",
      "dependencies": {
        "@mc91-cli-dev/command": "file:../../models/command"
      },
      "devDependencies": {
        "@types/node": "^18.11.15",
        "typescript": "^4.9.4"
      }
    },
    "../../models/command": {
      "name": "@mc91-cli-dev/command",
      "version": "1.0.10",
      "license": "ISC",
      "dependencies": {
        "@mc91-cli-dev/log": "^1.0.5",
        "colors": "^1.4.0",
        "semver": "^7.3.8"
      }
    },
    "node_modules/@mc91-cli-dev/command": {
      "resolved": "../../models/command",
      "link": true
    },
    "node_modules/@types/node": {
      "version": "18.11.15",
      "resolved": "https://registry.npmjs.org/@types/node/-/node-18.11.15.tgz",
      "integrity": "sha512-VkhBbVo2+2oozlkdHXLrb3zjsRkpdnaU2bXmX8Wgle3PUi569eLRaHGlgETQHR7lLL1w7GiG3h9SnePhxNDecw==",
      "dev": true
    },
    "node_modules/typescript": {
      "version": "4.9.4",
      "resolved": "https://registry.npmjs.org/typescript/-/typescript-4.9.4.tgz",
      "integrity": "sha512-Uz+dTXYzxXXbsFpM86Wh3dKCxrQqUcVMxwU54orwlJjOpO3ao8L7j5lH+dWfTwgCwIuM9GQ2kvVotzYJMXTBZg==",
      "dev": true,
      "bin": {
        "tsc": "bin/tsc",
        "tsserver": "bin/tsserver"
      },
      "engines": {
        "node": ">=4.2.0"
      }
    }
  },
  "dependencies": {
    "@mc91-cli-dev/command": {
      "version": "file:../../models/command",
      "requires": {
        "@mc91-cli-dev/log": "^1.0.5",
        "colors": "^1.4.0",
        "semver": "^7.3.8"
      }
    },
    "@types/node": {
      "version": "18.11.15",
      "resolved": "https://registry.npmjs.org/@types/node/-/node-18.11.15.tgz",
      "integrity": "sha512-VkhBbVo2+2oozlkdHXLrb3zjsRkpdnaU2bXmX8Wgle3PUi569eLRaHGlgETQHR7lLL1w7GiG3h9SnePhxNDecw==",
      "dev": true
    },
    "typescript": {
      "version": "4.9.4",
      "resolved": "https://registry.npmjs.org/typescript/-/typescript-4.9.4.tgz",
      "integrity": "sha512-Uz+dTXYzxXXbsFpM86Wh3dKCxrQqUcVMxwU54orwlJjOpO3ao8L7j5lH+dWfTwgCwIuM9GQ2kvVotzYJMXTBZg==",
      "dev": true
    }
  }
}
